
Microsoft Visual Studio Solution File, Format Version 12.00
# Visual Studio 2013
VisualStudioVersion = 12.0.21005.1
MinimumVisualStudioVersion = 10.0.40219.1
Project("{FAE04EC0-301F-11D3-BF4B-00C04F79EFBC}") = "WindowsFormsApplication1", "WindowsFormsApplication1\WindowsFormsApplication1.csproj", "{911CB077-E906-43EE-9EA2-2687039CB7B6}"
EndProject
Project("{FAE04EC0-301F-11D3-BF4B-00C04F79EFBC}") = "ReadCXP", "ReadCXP\ReadCXP.csproj", "{F8A6FD9B-FB53-431C-BA17-E84E342F79B3}"
EndProject
Global
	GlobalSection(SolutionConfigurationPlatforms) = preSolution
		Debug|Any CPU = Debug|Any CPU
		Release|Any CPU = Release|Any CPU
	EndGlobalSection
	GlobalSection(ProjectConfigurationPlatforms) = postSolution
		{911CB077-E906-43EE-9EA2-2687039CB7B6}.Debug|Any CPU.ActiveCfg = Debug|Any CPU
		{911CB077-E906-43EE-9EA2-2687039CB7B6}.Debug|Any CPU.Build.0 = Debug|Any CPU
		{911CB077-E906-43EE-9EA2-2687039CB7B6}.Release|Any CPU.ActiveCfg = Release|Any CPU
		{911CB077-E906-43EE-9EA2-2687039CB7B6}.Release|Any CPU.Build.0 = Release|Any CPU
		{F8A6FD9B-FB53-431C-BA17-E84E342F79B3}.Debug|Any CPU.ActiveCfg = Debug|Any CPU
		{F8A6FD9B-FB53-431C-BA17-E84E342F79B3}.Debug|Any CPU.Build.0 = Debug|Any CPU
		{F8A6FD9B-FB53-431C-BA17-E84E342F79B3}.Release|Any CPU.ActiveCfg = Release|Any CPU
		{F8A6FD9B-FB53-431C-BA17-E84E342F79B3}.Release|Any CPU.Build.0 = Release|Any CPU
	EndGlobalSection
	GlobalSection(SolutionProperties) = preSolution
		HideSolutionNode = FALSE
	EndGlobalSection
EndGlobal
